
Microsoft Visual Studio Solution File, Format Version 12.00
# Visual Studio Version 16
VisualStudioVersion = 16.0.31205.134
MinimumVisualStudioVersion = 10.0.40219.1
Project("{FAE04EC0-301F-11D3-BF4B-00C04F79EFBC}") = "ASP", "ASP.csproj", "{5408F985-B11C-4466-87A8-DDBB0771C864}"
EndProject
Global
	GlobalSection(SolutionConfigurationPlatforms) = preSolution
		Debug|Any CPU = Debug|Any CPU
		Release|Any CPU = Release|Any CPU
	EndGlobalSection
	GlobalSection(ProjectConfigurationPlatforms) = postSolution
		{5408F985-B11C-4466-87A8-DDBB0771C864}.Debug|Any CPU.ActiveCfg = Debug|Any CPU
		{5408F985-B11C-4466-87A8-DDBB0771C864}.Debug|Any CPU.Build.0 = Debug|Any CPU
		{5408F985-B11C-4466-87A8-DDBB0771C864}.Release|Any CPU.ActiveCfg = Release|Any CPU
		{5408F985-B11C-4466-87A8-DDBB0771C864}.Release|Any CPU.Build.0 = Release|Any CPU
	EndGlobalSection
	GlobalSection(SolutionProperties) = preSolution
		HideSolutionNode = FALSE
	EndGlobalSection
	GlobalSection(ExtensibilityGlobals) = postSolution
		SolutionGuid = {6A502D19-8173-4EF9-8153-1DF72D6B96F4}
	EndGlobalSection
EndGlobal
